
Microsoft Visual Studio Solution File, Format Version 12.00
# Visual Studio Version 17
VisualStudioVersion = 17.0.31912.275
MinimumVisualStudioVersion = 10.0.40219.1
Project("{2150E333-8FDC-42A3-9474-1A3956D46DE8}") = "src", "src", "{5140D542-7BFC-4BAC-8B58-80C60D66E590}"
EndProject
Project("{2150E333-8FDC-42A3-9474-1A3956D46DE8}") = "test", "test", "{EECCF51A-511E-4D57-938C-B0C0D8AC8771}"
EndProject
Project("{9A19103F-16F7-4668-BE54-9A1E7A4F7556}") = "NSys.Api.Companies", "src\NSys.Api.Companies\NSys.Api.Companies.csproj", "{4CDDB842-7718-45BC-BE93-A4441E852DD1}"
EndProject
Project("{FAE04EC0-301F-11D3-BF4B-00C04F79EFBC}") = "NSys.Api.Companies.Application", "src\NSys.Api.Companies.Application\NSys.Api.Companies.Application.csproj", "{1BDF5D11-FEA1-4626-A692-F09864E6BF9A}"
EndProject
Global
	GlobalSection(SolutionConfigurationPlatforms) = preSolution
		Debug|Any CPU = Debug|Any CPU
		Release|Any CPU = Release|Any CPU
	EndGlobalSection
	GlobalSection(ProjectConfigurationPlatforms) = postSolution
		{4CDDB842-7718-45BC-BE93-A4441E852DD1}.Debug|Any CPU.ActiveCfg = Debug|Any CPU
		{4CDDB842-7718-45BC-BE93-A4441E852DD1}.Debug|Any CPU.Build.0 = Debug|Any CPU
		{4CDDB842-7718-45BC-BE93-A4441E852DD1}.Release|Any CPU.ActiveCfg = Release|Any CPU
		{4CDDB842-7718-45BC-BE93-A4441E852DD1}.Release|Any CPU.Build.0 = Release|Any CPU
		{1BDF5D11-FEA1-4626-A692-F09864E6BF9A}.Debug|Any CPU.ActiveCfg = Debug|Any CPU
		{1BDF5D11-FEA1-4626-A692-F09864E6BF9A}.Debug|Any CPU.Build.0 = Debug|Any CPU
		{1BDF5D11-FEA1-4626-A692-F09864E6BF9A}.Release|Any CPU.ActiveCfg = Release|Any CPU
		{1BDF5D11-FEA1-4626-A692-F09864E6BF9A}.Release|Any CPU.Build.0 = Release|Any CPU
	EndGlobalSection
	GlobalSection(SolutionProperties) = preSolution
		HideSolutionNode = FALSE
	EndGlobalSection
	GlobalSection(NestedProjects) = preSolution
		{4CDDB842-7718-45BC-BE93-A4441E852DD1} = {5140D542-7BFC-4BAC-8B58-80C60D66E590}
		{1BDF5D11-FEA1-4626-A692-F09864E6BF9A} = {5140D542-7BFC-4BAC-8B58-80C60D66E590}
	EndGlobalSection
	GlobalSection(ExtensibilityGlobals) = postSolution
		SolutionGuid = {DEFA11EC-32A7-48F3-BD01-B3597CD0514E}
	EndGlobalSection
EndGlobal
